{
  "name": "local-project-manager",
  "version": "1.1.0",
  "lockfileVersion": 3,
  "requires": true,
  "packages": {
    "": {
      "name": "local-project-manager",
      "version": "1.1.0",
      "bin": {
        "project-manager": "bin/project-manager.js"
      },
      "engines": {
        "node": "^22.0.0 || ^24.0.0"
      }
    }
  }
}
